{
  "name": "glycerine-ai",
  "lockfileVersion": 3,
  "requires": true,
  "packages": {
    "": {
      "dependencies": {
        "dobbyscan": "^2.0.0",
        "hull.js": "^1.0.6",
        "openseadragon": "^3.1.0"
      }
    },
    "node_modules/dobbyscan": {
      "version": "2.0.0",
      "resolved": "https://registry.npmjs.org/dobbyscan/-/dobbyscan-2.0.0.tgz",
      "integrity": "sha512-9Hz2hLR3kl/vhAioQZ8RA72MyT54t2o2Db9Yqqz/lGOUC565+m8z1I8kd3rwUjkF7iPr9K1y+cKTohokBgkUxg==",
      "dependencies": {
        "geokdbush": "^2.0.1",
        "kdbush": "^4.0.2"
      }
    },
    "node_modules/geokdbush": {
      "version": "2.0.1",
      "resolved": "https://registry.npmjs.org/geokdbush/-/geokdbush-2.0.1.tgz",
      "integrity": "sha512-0M8so1Qx6+jJ1xpirpCNrgUsWAzIcQ3LrLmh0KJPBYI3gH7vy70nY5zEEjSp9Tn0nBt6Q2Fh922oL08lfib4Zg==",
      "dependencies": {
        "tinyqueue": "^2.0.3"
      }
    },
    "node_modules/hull.js": {
      "version": "1.0.6",
      "resolved": "https://registry.npmjs.org/hull.js/-/hull.js-1.0.6.tgz",
      "integrity": "sha512-TC7e9sHYOaCVms0sn2hN7buxnaGfcl9h5EPVoVX9DTPoMpqQiS9bf3tmGDgiNaMVHBD91RAvWjCxrJ5Jx8BI5A==",
      "deprecated": "This package is not maintained anymore on npmjs.com, please use GitHub URL to fetch the latest version. See the package homepage for instructions."
    },
    "node_modules/kdbush": {
      "version": "4.0.2",
      "resolved": "https://registry.npmjs.org/kdbush/-/kdbush-4.0.2.tgz",
      "integrity": "sha512-WbCVYJ27Sz8zi9Q7Q0xHC+05iwkm3Znipc2XTlrnJbsHMYktW4hPhXUE8Ys1engBrvffoSCqbil1JQAa7clRpA=="
    },
    "node_modules/openseadragon": {
      "version": "3.1.0",
      "resolved": "https://registry.npmjs.org/openseadragon/-/openseadragon-3.1.0.tgz",
      "integrity": "sha512-0zCbRIWUbCto7xm1tv2ZLEiSl84cDU659W/sfs2zqqTqVRa4CRHzhy7i9nsv6dHA1DryFR8IzjStjmWOqRs9Rg==",
      "funding": {
        "url": "https://opencollective.com/openseadragon"
      }
    },
    "node_modules/tinyqueue": {
      "version": "2.0.3",
      "resolved": "https://registry.npmjs.org/tinyqueue/-/tinyqueue-2.0.3.tgz",
      "integrity": "sha512-ppJZNDuKGgxzkHihX8v9v9G5f+18gzaTfrukGrq6ueg0lmH4nqVnA2IPG0AEH3jKEk2GRJCUhDoqpoiw3PHLBA=="
    }
  }
}
