{
  "name": "glycerine-ai",
  "lockfileVersion": 3,
  "requires": true,
  "packages": {
    "": {
      "dependencies": {
        "hull.js": "^1.0.6",
        "openseadragon": "^3.1.0"
      }
    },
    "node_modules/hull.js": {
      "version": "1.0.6",
      "resolved": "https://registry.npmjs.org/hull.js/-/hull.js-1.0.6.tgz",
      "integrity": "sha512-TC7e9sHYOaCVms0sn2hN7buxnaGfcl9h5EPVoVX9DTPoMpqQiS9bf3tmGDgiNaMVHBD91RAvWjCxrJ5Jx8BI5A==",
      "deprecated": "This package is not maintained anymore on npmjs.com, please use GitHub URL to fetch the latest version. See the package homepage for instructions."
    },
    "node_modules/openseadragon": {
      "version": "3.1.0",
      "resolved": "https://registry.npmjs.org/openseadragon/-/openseadragon-3.1.0.tgz",
      "integrity": "sha512-0zCbRIWUbCto7xm1tv2ZLEiSl84cDU659W/sfs2zqqTqVRa4CRHzhy7i9nsv6dHA1DryFR8IzjStjmWOqRs9Rg==",
      "funding": {
        "url": "https://opencollective.com/openseadragon"
      }
    }
  }
}
